// !$*UTF8*$!
{
	archiveVersion = 1;
	classes = {
	};
	objectVersion = 50;
	objects = {

/* Begin PBXBuildFile section */
		96455984238DA02F009A7F34 /* AppDelegate.swift in Sources */ = {isa = PBXBuildFile; fileRef = 96455983238DA02F009A7F34 /* AppDelegate.swift */; };
		96455986238DA02F009A7F34 /* SceneDelegate.swift in Sources */ = {isa = PBXBuildFile; fileRef = 96455985238DA02F009A7F34 /* SceneDelegate.swift */; };
		96455988238DA02F009A7F34 /* ContentView.swift in Sources */ = {isa = PBXBuildFile; fileRef = 96455987238DA02F009A7F34 /* ContentView.swift */; };
		9645598A238DA030009A7F34 /* Assets.xcassets in Resources */ = {isa = PBXBuildFile; fileRef = 96455989238DA030009A7F34 /* Assets.xcassets */; };
		9645598D238DA030009A7F34 /* Preview Assets.xcassets in Resources */ = {isa = PBXBuildFile; fileRef = 9645598C238DA030009A7F34 /* Preview Assets.xcassets */; };
		96455990238DA030009A7F34 /* LaunchScreen.storyboard in Resources */ = {isa = PBXBuildFile; fileRef = 9645598E238DA030009A7F34 /* LaunchScreen.storyboard */; };
		9645599B238DA030009A7F34 /* belarusbankUITests.swift in Sources */ = {isa = PBXBuildFile; fileRef = 9645599A238DA030009A7F34 /* belarusbankUITests.swift */; };
/* End PBXBuildFile section */

/* Begin PBXContainerItemProxy section */
		96455997238DA030009A7F34 /* PBXContainerItemProxy */ = {
			isa = PBXContainerItemProxy;
			containerPortal = 96455978238DA02F009A7F34 /* Project object */;
			proxyType = 1;
			remoteGlobalIDString = 9645597F238DA02F009A7F34;
			remoteInfo = belarusbank;
		};
/* End PBXContainerItemProxy section */

/* Begin PBXFileReference section */
		96455980238DA02F009A7F34 /* belarusbank.app */ = {isa = PBXFileReference; explicitFileType = wrapper.application; includeInIndex = 0; path = belarusbank.app; sourceTree = BUILT_PRODUCTS_DIR; };
		96455983238DA02F009A7F34 /* AppDelegate.swift */ = {isa = PBXFileReference; lastKnownFileType = sourcecode.swift; path = AppDelegate.swift; sourceTree = "<group>"; };
		96455985238DA02F009A7F34 /* SceneDelegate.swift */ = {isa = PBXFileReference; lastKnownFileType = sourcecode.swift; path = SceneDelegate.swift; sourceTree = "<group>"; };
		96455987238DA02F009A7F34 /* ContentView.swift */ = {isa = PBXFileReference; lastKnownFileType = sourcecode.swift; path = ContentView.swift; sourceTree = "<group>"; };
		96455989238DA030009A7F34 /* Assets.xcassets */ = {isa = PBXFileReference; lastKnownFileType = folder.assetcatalog; path = Assets.xcassets; sourceTree = "<group>"; };
		9645598C238DA030009A7F34 /* Preview Assets.xcassets */ = {isa = PBXFileReference; lastKnownFileType = folder.assetcatalog; path = "Preview Assets.xcassets"; sourceTree = "<group>"; };
		9645598F238DA030009A7F34 /* Base */ = {isa = PBXFileReference; lastKnownFileType = file.storyboard; name = Base; path = Base.lproj/LaunchScreen.storyboard; sourceTree = "<group>"; };
		96455991238DA030009A7F34 /* Info.plist */ = {isa = PBXFileReference; lastKnownFileType = text.plist.xml; path = Info.plist; sourceTree = "<group>"; };
		96455996238DA030009A7F34 /* belarusbankUITests.xctest */ = {isa = PBXFileReference; explicitFileType = wrapper.cfbundle; includeInIndex = 0; path = belarusbankUITests.xctest; sourceTree = BUILT_PRODUCTS_DIR; };
		9645599A238DA030009A7F34 /* belarusbankUITests.swift */ = {isa = PBXFileReference; lastKnownFileType = sourcecode.swift; path = belarusbankUITests.swift; sourceTree = "<group>"; };
		9645599C238DA030009A7F34 /* Info.plist */ = {isa = PBXFileReference; lastKnownFileType = text.plist.xml; path = Info.plist; sourceTree = "<group>"; };
/* End PBXFileReference section */

/* Begin PBXFrameworksBuildPhase section */
		9645597D238DA02F009A7F34 /* Frameworks */ = {
			isa = PBXFrameworksBuildPhase;
			buildActionMask = 2147483647;
			files = (
			);
			runOnlyForDeploymentPostprocessing = 0;
		};
		96455993238DA030009A7F34 /* Frameworks */ = {
			isa = PBXFrameworksBuildPhase;
			buildActionMask = 2147483647;
			files = (
			);
			runOnlyForDeploymentPostprocessing = 0;
		};
/* End PBXFrameworksBuildPhase section */

/* Begin PBXGroup section */
		96455977238DA02F009A7F34 = {
			isa = PBXGroup;
			children = (
				96455982238DA02F009A7F34 /* belarusbank */,
				96455999238DA030009A7F34 /* belarusbankUITests */,
				96455981238DA02F009A7F34 /* Products */,
			);
			sourceTree = "<group>";
		};
		96455981238DA02F009A7F34 /* Products */ = {
			isa = PBXGroup;
			children = (
				96455980238DA02F009A7F34 /* belarusbank.app */,
				96455996238DA030009A7F34 /* belarusbankUITests.xctest */,
			);
			name = Products;
			sourceTree = "<group>";
		};
		96455982238DA02F009A7F34 /* belarusbank */ = {
			isa = PBXGroup;
			children = (
				96455983238DA02F009A7F34 /* AppDelegate.swift */,
				96455985238DA02F009A7F34 /* SceneDelegate.swift */,
				96455987238DA02F009A7F34 /* ContentView.swift */,
				96455989238DA030009A7F34 /* Assets.xcassets */,
				9645598E238DA030009A7F34 /* LaunchScreen.storyboard */,
				96455991238DA030009A7F34 /* Info.plist */,
				9645598B238DA030009A7F34 /* Preview Content */,
			);
			path = belarusbank;
			sourceTree = "<group>";
		};
		9645598B238DA030009A7F34 /* Preview Content */ = {
			isa = PBXGroup;
			children = (
				9645598C238DA030009A7F34 /* Preview Assets.xcassets */,
			);
			path = "Preview Content";
			sourceTree = "<group>";
		};
		96455999238DA030009A7F34 /* belarusbankUITests */ = {
			isa = PBXGroup;
			children = (
				9645599A238DA030009A7F34 /* belarusbankUITests.swift */,
				9645599C238DA030009A7F34 /* Info.plist */,
			);
			path = belarusbankUITests;
			sourceTree = "<group>";
		};
/* End PBXGroup section */

/* Begin PBXNativeTarget section */
		9645597F238DA02F009A7F34 /* belarusbank */ = {
			isa = PBXNativeTarget;
			buildConfigurationList = 9645599F238DA030009A7F34 /* Build configuration list for PBXNativeTarget "belarusbank" */;
			buildPhases = (
				9645597C238DA02F009A7F34 /* Sources */,
				9645597D238DA02F009A7F34 /* Frameworks */,
				9645597E238DA02F009A7F34 /* Resources */,
			);
			buildRules = (
			);
			dependencies = (
			);
			name = belarusbank;
			productName = belarusbank;
			productReference = 96455980238DA02F009A7F34 /* belarusbank.app */;
			productType = "com.apple.product-type.application";
		};
		96455995238DA030009A7F34 /* belarusbankUITests */ = {
			isa = PBXNativeTarget;
			buildConfigurationList = 964559A2238DA030009A7F34 /* Build configuration list for PBXNativeTarget "belarusbankUITests" */;
			buildPhases = (
				96455992238DA030009A7F34 /* Sources */,
				96455993238DA030009A7F34 /* Frameworks */,
				96455994238DA030009A7F34 /* Resources */,
			);
			buildRules = (
			);
			dependencies = (
				96455998238DA030009A7F34 /* PBXTargetDependency */,
			);
			name = belarusbankUITests;
			productName = belarusbankUITests;
			productReference = 96455996238DA030009A7F34 /* belarusbankUITests.xctest */;
			productType = "com.apple.product-type.bundle.ui-testing";
		};
/* End PBXNativeTarget section */

/* Begin PBXProject section */
		96455978238DA02F009A7F34 /* Project object */ = {
			isa = PBXProject;
			attributes = {
				LastSwiftUpdateCheck = 1120;
				LastUpgradeCheck = 1120;
				ORGANIZATIONNAME = "Slava Dzmitrou";
				TargetAttributes = {
					9645597F238DA02F009A7F34 = {
						CreatedOnToolsVersion = 11.2.1;
					};
					96455995238DA030009A7F34 = {
						CreatedOnToolsVersion = 11.2.1;
						TestTargetID = 9645597F238DA02F009A7F34;
					};
				};
			};
			buildConfigurationList = 9645597B238DA02F009A7F34 /* Build configuration list for PBXProject "belarusbank" */;
			compatibilityVersion = "Xcode 9.3";
			developmentRegion = en;
			hasScannedForEncodings = 0;
			knownRegions = (
				en,
				Base,
			);
			mainGroup = 96455977238DA02F009A7F34;
			productRefGroup = 96455981238DA02F009A7F34 /* Products */;
			projectDirPath = "";
			projectRoot = "";
			targets = (
				9645597F238DA02F009A7F34 /* belarusbank */,
				96455995238DA030009A7F34 /* belarusbankUITests */,
			);
		};
/* End PBXProject section */

/* Begin PBXResourcesBuildPhase section */
		9645597E238DA02F009A7F34 /* Resources */ = {
			isa = PBXResourcesBuildPhase;
			buildActionMask = 2147483647;
			files = (
				96455990238DA030009A7F34 /* LaunchScreen.storyboard in Resources */,
				9645598D238DA030009A7F34 /* Preview Assets.xcassets in Resources */,
				9645598A238DA030009A7F34 /* Assets.xcassets in Resources */,
			);
			runOnlyForDeploymentPostprocessing = 0;
		};
		96455994238DA030009A7F34 /* Resources */ = {
			isa = PBXResourcesBuildPhase;
			buildActionMask = 2147483647;
			files = (
			);
			runOnlyForDeploymentPostprocessing = 0;
		};
/* End PBXResourcesBuildPhase section */

/* Begin PBXSourcesBuildPhase section */
		9645597C238DA02F009A7F34 /* Sources */ = {
			isa = PBXSourcesBuildPhase;
			buildActionMask = 2147483647;
			files = (
				96455984238DA02F009A7F34 /* AppDelegate.swift in Sources */,
				96455986238DA02F009A7F34 /* SceneDelegate.swift in Sources */,
				96455988238DA02F009A7F34 /* ContentView.swift in Sources */,
			);
			runOnlyForDeploymentPostprocessing = 0;
		};
		96455992238DA030009A7F34 /* Sources */ = {
			isa = PBXSourcesBuildPhase;
			buildActionMask = 2147483647;
			files = (
				9645599B238DA030009A7F34 /* belarusbankUITests.swift in Sources */,
			);
			runOnlyForDeploymentPostprocessing = 0;
		};
/* End PBXSourcesBuildPhase section */

/* Begin PBXTargetDependency section */
		96455998238DA030009A7F34 /* PBXTargetDependency */ = {
			isa = PBXTargetDependency;
			target = 9645597F238DA02F009A7F34 /* belarusbank */;
			targetProxy = 96455997238DA030009A7F34 /* PBXContainerItemProxy */;
		};
/* End PBXTargetDependency section */

/* Begin PBXVariantGroup section */
		9645598E238DA030009A7F34 /* LaunchScreen.storyboard */ = {
			isa = PBXVariantGroup;
			children = (
				9645598F238DA030009A7F34 /* Base */,
			);
			name = LaunchScreen.storyboard;
			sourceTree = "<group>";
		};
/* End PBXVariantGroup section */

/* Begin XCBuildConfiguration section */
		9645599D238DA030009A7F34 /* Debug */ = {
			isa = XCBuildConfiguration;
			buildSettings = {
				ALWAYS_SEARCH_USER_PATHS = NO;
				CLANG_ANALYZER_NONNULL = YES;
				CLANG_ANALYZER_NUMBER_OBJECT_CONVERSION = YES_AGGRESSIVE;
				CLANG_CXX_LANGUAGE_STANDARD = "gnu++14";
				CLANG_CXX_LIBRARY = "libc++";
				CLANG_ENABLE_MODULES = YES;
				CLANG_ENABLE_OBJC_ARC = YES;
				CLANG_ENABLE_OBJC_WEAK = YES;
				CLANG_WARN_BLOCK_CAPTURE_AUTORELEASING = YES;
				CLANG_WARN_BOOL_CONVERSION = YES;
				CLANG_WARN_COMMA = YES;
				CLANG_WARN_CONSTANT_CONVERSION = YES;
				CLANG_WARN_DEPRECATED_OBJC_IMPLEMENTATIONS = YES;
				CLANG_WARN_DIRECT_OBJC_ISA_USAGE = YES_ERROR;
				CLANG_WARN_DOCUMENTATION_COMMENTS = YES;
				CLANG_WARN_EMPTY_BODY = YES;
				CLANG_WARN_ENUM_CONVERSION = YES;
				CLANG_WARN_INFINITE_RECURSION = YES;
				CLANG_WARN_INT_CONVERSION = YES;
				CLANG_WARN_NON_LITERAL_NULL_CONVERSION = YES;
				CLANG_WARN_OBJC_IMPLICIT_RETAIN_SELF = YES;
				CLANG_WARN_OBJC_LITERAL_CONVERSION = YES;
				CLANG_WARN_OBJC_ROOT_CLASS = YES_ERROR;
				CLANG_WARN_RANGE_LOOP_ANALYSIS = YES;
				CLANG_WARN_STRICT_PROTOTYPES = YES;
				CLANG_WARN_SUSPICIOUS_MOVE = YES;
				CLANG_WARN_UNGUARDED_AVAILABILITY = YES_AGGRESSIVE;
				CLANG_WARN_UNREACHABLE_CODE = YES;
				CLANG_WARN__DUPLICATE_METHOD_MATCH = YES;
				COPY_PHASE_STRIP = NO;
				DEBUG_INFORMATION_FORMAT = dwarf;
				ENABLE_STRICT_OBJC_MSGSEND = YES;
				ENABLE_TESTABILITY = YES;
				GCC_C_LANGUAGE_STANDARD = gnu11;
				GCC_DYNAMIC_NO_PIC = NO;
				GCC_NO_COMMON_BLOCKS = YES;
				GCC_OPTIMIZATION_LEVEL = 0;
				GCC_PREPROCESSOR_DEFINITIONS = (
					"DEBUG=1",
					"$(inherited)",
				);
				GCC_WARN_64_TO_32_BIT_CONVERSION = YES;
				GCC_WARN_ABOUT_RETURN_TYPE = YES_ERROR;
				GCC_WARN_UNDECLARED_SELECTOR = YES;
				GCC_WARN_UNINITIALIZED_AUTOS = YES_AGGRESSIVE;
				GCC_WARN_UNUSED_FUNCTION = YES;
				GCC_WARN_UNUSED_VARIABLE = YES;
				IPHONEOS_DEPLOYMENT_TARGET = 13.2;
				MTL_ENABLE_DEBUG_INFO = INCLUDE_SOURCE;
				MTL_FAST_MATH = YES;
				ONLY_ACTIVE_ARCH = YES;
				SDKROOT = iphoneos;
				SWIFT_ACTIVE_COMPILATION_CONDITIONS = DEBUG;
				SWIFT_OPTIMIZATION_LEVEL = "-Onone";
			};
			name = Debug;
		};
		9645599E238DA030009A7F34 /* Release */ = {
			isa = XCBuildConfiguration;
			buildSettings = {
				ALWAYS_SEARCH_USER_PATHS = NO;
				CLANG_ANALYZER_NONNULL = YES;
				CLANG_ANALYZER_NUMBER_OBJECT_CONVERSION = YES_AGGRESSIVE;
				CLANG_CXX_LANGUAGE_STANDARD = "gnu++14";
				CLANG_CXX_LIBRARY = "libc++";
				CLANG_ENABLE_MODULES = YES;
				CLANG_ENABLE_OBJC_ARC = YES;
				CLANG_ENABLE_OBJC_WEAK = YES;
				CLANG_WARN_BLOCK_CAPTURE_AUTORELEASING = YES;
				CLANG_WARN_BOOL_CONVERSION = YES;
				CLANG_WARN_COMMA = YES;
				CLANG_WARN_CONSTANT_CONVERSION = YES;
				CLANG_WARN_DEPRECATED_OBJC_IMPLEMENTATIONS = YES;
				CLANG_WARN_DIRECT_OBJC_ISA_USAGE = YES_ERROR;
				CLANG_WARN_DOCUMENTATION_COMMENTS = YES;
				CLANG_WARN_EMPTY_BODY = YES;
				CLANG_WARN_ENUM_CONVERSION = YES;
				CLANG_WARN_INFINITE_RECURSION = YES;
				CLANG_WARN_INT_CONVERSION = YES;
				CLANG_WARN_NON_LITERAL_NULL_CONVERSION = YES;
				CLANG_WARN_OBJC_IMPLICIT_RETAIN_SELF = YES;
				CLANG_WARN_OBJC_LITERAL_CONVERSION = YES;
				CLANG_WARN_OBJC_ROOT_CLASS = YES_ERROR;
				CLANG_WARN_RANGE_LOOP_ANALYSIS = YES;
				CLANG_WARN_STRICT_PROTOTYPES = YES;
				CLANG_WARN_SUSPICIOUS_MOVE = YES;
				CLANG_WARN_UNGUARDED_AVAILABILITY = YES_AGGRESSIVE;
				CLANG_WARN_UNREACHABLE_CODE = YES;
				CLANG_WARN__DUPLICATE_METHOD_MATCH = YES;
				COPY_PHASE_STRIP = NO;
				DEBUG_INFORMATION_FORMAT = "dwarf-with-dsym";
				ENABLE_NS_ASSERTIONS = NO;
				ENABLE_STRICT_OBJC_MSGSEND = YES;
				GCC_C_LANGUAGE_STANDARD = gnu11;
				GCC_NO_COMMON_BLOCKS = YES;
				GCC_WARN_64_TO_32_BIT_CONVERSION = YES;
				GCC_WARN_ABOUT_RETURN_TYPE = YES_ERROR;
				GCC_WARN_UNDECLARED_SELECTOR = YES;
				GCC_WARN_UNINITIALIZED_AUTOS = YES_AGGRESSIVE;
				GCC_WARN_UNUSED_FUNCTION = YES;
				GCC_WARN_UNUSED_VARIABLE = YES;
				IPHONEOS_DEPLOYMENT_TARGET = 13.2;
				MTL_ENABLE_DEBUG_INFO = NO;
				MTL_FAST_MATH = YES;
				SDKROOT = iphoneos;
				SWIFT_COMPILATION_MODE = wholemodule;
				SWIFT_OPTIMIZATION_LEVEL = "-O";
				VALIDATE_PRODUCT = YES;
			};
			name = Release;
		};
		964559A0238DA030009A7F34 /* Debug */ = {
			isa = XCBuildConfiguration;
			buildSettings = {
				ASSETCATALOG_COMPILER_APPICON_NAME = AppIcon;
				CODE_SIGN_STYLE = Automatic;
				DEVELOPMENT_ASSET_PATHS = "\"belarusbank/Preview Content\"";
				ENABLE_PREVIEWS = YES;
				INFOPLIST_FILE = belarusbank/Info.plist;
				LD_RUNPATH_SEARCH_PATHS = (
					"$(inherited)",
					"@executable_path/Frameworks",
				);
				PRODUCT_BUNDLE_IDENTIFIER = QA.belarusbank;
				PRODUCT_NAME = "$(TARGET_NAME)";
				SWIFT_VERSION = 5.0;
				TARGETED_DEVICE_FAMILY = "1,2";
			};
			name = Debug;
		};
		964559A1238DA030009A7F34 /* Release */ = {
			isa = XCBuildConfiguration;
			buildSettings = {
				ASSETCATALOG_COMPILER_APPICON_NAME = AppIcon;
				CODE_SIGN_STYLE = Automatic;
				DEVELOPMENT_ASSET_PATHS = "\"belarusbank/Preview Content\"";
				ENABLE_PREVIEWS = YES;
				INFOPLIST_FILE = belarusbank/Info.plist;
				LD_RUNPATH_SEARCH_PATHS = (
					"$(inherited)",
					"@executable_path/Frameworks",
				);
				PRODUCT_BUNDLE_IDENTIFIER = QA.belarusbank;
				PRODUCT_NAME = "$(TARGET_NAME)";
				SWIFT_VERSION = 5.0;
				TARGETED_DEVICE_FAMILY = "1,2";
			};
			name = Release;
		};
		964559A3238DA030009A7F34 /* Debug */ = {
			isa = XCBuildConfiguration;
			buildSettings = {
				ALWAYS_EMBED_SWIFT_STANDARD_LIBRARIES = YES;
				CODE_SIGN_STYLE = Automatic;
				INFOPLIST_FILE = belarusbankUITests/Info.plist;
				LD_RUNPATH_SEARCH_PATHS = (
					"$(inherited)",
					"@executable_path/Frameworks",
					"@loader_path/Frameworks",
				);
				PRODUCT_BUNDLE_IDENTIFIER = QA.belarusbankUITests;
				PRODUCT_NAME = "$(TARGET_NAME)";
				SWIFT_VERSION = 5.0;
				TARGETED_DEVICE_FAMILY = "1,2";
				TEST_TARGET_NAME = belarusbank;
			};
			name = Debug;
		};
		964559A4238DA030009A7F34 /* Release */ = {
			isa = XCBuildConfiguration;
			buildSettings = {
				ALWAYS_EMBED_SWIFT_STANDARD_LIBRARIES = YES;
				CODE_SIGN_STYLE = Automatic;
				INFOPLIST_FILE = belarusbankUITests/Info.plist;
				LD_RUNPATH_SEARCH_PATHS = (
					"$(inherited)",
					"@executable_path/Frameworks",
					"@loader_path/Frameworks",
				);
				PRODUCT_BUNDLE_IDENTIFIER = QA.belarusbankUITests;
				PRODUCT_NAME = "$(TARGET_NAME)";
				SWIFT_VERSION = 5.0;
				TARGETED_DEVICE_FAMILY = "1,2";
				TEST_TARGET_NAME = belarusbank;
			};
			name = Release;
		};
/* End XCBuildConfiguration section */

/* Begin XCConfigurationList section */
		9645597B238DA02F009A7F34 /* Build configuration list for PBXProject "belarusbank" */ = {
			isa = XCConfigurationList;
			buildConfigurations = (
				9645599D238DA030009A7F34 /* Debug */,
				9645599E238DA030009A7F34 /* Release */,
			);
			defaultConfigurationIsVisible = 0;
			defaultConfigurationName = Release;
		};
		9645599F238DA030009A7F34 /* Build configuration list for PBXNativeTarget "belarusbank" */ = {
			isa = XCConfigurationList;
			buildConfigurations = (
				964559A0238DA030009A7F34 /* Debug */,
				964559A1238DA030009A7F34 /* Release */,
			);
			defaultConfigurationIsVisible = 0;
			defaultConfigurationName = Release;
		};
		964559A2238DA030009A7F34 /* Build configuration list for PBXNativeTarget "belarusbankUITests" */ = {
			isa = XCConfigurationList;
			buildConfigurations = (
				964559A3238DA030009A7F34 /* Debug */,
				964559A4238DA030009A7F34 /* Release */,
			);
			defaultConfigurationIsVisible = 0;
			defaultConfigurationName = Release;
		};
/* End XCConfigurationList section */
	};
	rootObject = 96455978238DA02F009A7F34 /* Project object */;
}
